
Microsoft Visual Studio Solution File, Format Version 12.00
# Visual Studio 15
VisualStudioVersion = 15.0.27130.2026
MinimumVisualStudioVersion = 10.0.40219.1
Project("{FAE04EC0-301F-11D3-BF4B-00C04F79EFBC}") = "EntityFrameworkCore", "EntityFrameworkCore\EntityFrameworkCore.csproj", "{BF37746C-489F-46C8-9E05-286330C3A8A6}"
EndProject
Global
	GlobalSection(SolutionConfigurationPlatforms) = preSolution
		Debug|Any CPU = Debug|Any CPU
		Release|Any CPU = Release|Any CPU
	EndGlobalSection
	GlobalSection(ProjectConfigurationPlatforms) = postSolution
		{BF37746C-489F-46C8-9E05-286330C3A8A6}.Debug|Any CPU.ActiveCfg = Debug|Any CPU
		{BF37746C-489F-46C8-9E05-286330C3A8A6}.Debug|Any CPU.Build.0 = Debug|Any CPU
		{BF37746C-489F-46C8-9E05-286330C3A8A6}.Release|Any CPU.ActiveCfg = Release|Any CPU
		{BF37746C-489F-46C8-9E05-286330C3A8A6}.Release|Any CPU.Build.0 = Release|Any CPU
	EndGlobalSection
	GlobalSection(SolutionProperties) = preSolution
		HideSolutionNode = FALSE
	EndGlobalSection
	GlobalSection(ExtensibilityGlobals) = postSolution
		SolutionGuid = {A9B497F9-82E6-48BE-A9AA-EC35B9F46698}
	EndGlobalSection
EndGlobal
